
Microsoft Visual Studio Solution File, Format Version 12.00
# Visual Studio Version 16
VisualStudioVersion = 16.0.29911.84
MinimumVisualStudioVersion = 10.0.40219.1
Project("{FAE04EC0-301F-11D3-BF4B-00C04F79EFBC}") = "BookReviewService", "BookReviewService\BookReviewService.csproj", "{EE464514-9853-4BED-9105-B3C637139BC7}"
EndProject
Global
	GlobalSection(SolutionConfigurationPlatforms) = preSolution
		Debug|Any CPU = Debug|Any CPU
		Release|Any CPU = Release|Any CPU
	EndGlobalSection
	GlobalSection(ProjectConfigurationPlatforms) = postSolution
		{EE464514-9853-4BED-9105-B3C637139BC7}.Debug|Any CPU.ActiveCfg = Debug|Any CPU
		{EE464514-9853-4BED-9105-B3C637139BC7}.Debug|Any CPU.Build.0 = Debug|Any CPU
		{EE464514-9853-4BED-9105-B3C637139BC7}.Release|Any CPU.ActiveCfg = Release|Any CPU
		{EE464514-9853-4BED-9105-B3C637139BC7}.Release|Any CPU.Build.0 = Release|Any CPU
	EndGlobalSection
	GlobalSection(SolutionProperties) = preSolution
		HideSolutionNode = FALSE
	EndGlobalSection
	GlobalSection(ExtensibilityGlobals) = postSolution
		SolutionGuid = {8F57D063-F808-47B3-B363-6F9FBF6CF074}
	EndGlobalSection
EndGlobal
